
Microsoft Visual Studio Solution File, Format Version 12.00
# Visual Studio 15
VisualStudioVersion = 15.0.26730.16
MinimumVisualStudioVersion = 10.0.40219.1
Project("{FAE04EC0-301F-11D3-BF4B-00C04F79EFBC}") = "SatTraxGUI", "SatTraxGUI.csproj", "{8E48FDD5-F1AA-4B59-84E5-D866469A0D38}"
	ProjectSection(ProjectDependencies) = postProject
		{03D07458-B802-472A-9F04-899BB7CFBCA9} = {03D07458-B802-472A-9F04-899BB7CFBCA9}
		{99510ED5-99E0-405D-BCAC-9159A7426D61} = {99510ED5-99E0-405D-BCAC-9159A7426D61}
		{D6C232FB-83FD-4049-B4E7-EB197B450D49} = {D6C232FB-83FD-4049-B4E7-EB197B450D49}
	EndProjectSection
EndProject
Project("{2150E333-8FDC-42A3-9474-1A3956D46DE8}") = "OrbitToolsPro", "OrbitToolsPro", "{0240DB81-8D89-4F51-98D4-269CBCE0A3E4}"
EndProject
Project("{FAE04EC0-301F-11D3-BF4B-00C04F79EFBC}") = "Core", "..\..\3rdParty\OrbitToolsPro\csOrbitTools\OrbitTools\Core\Core.csproj", "{99510ED5-99E0-405D-BCAC-9159A7426D61}"
EndProject
Project("{2150E333-8FDC-42A3-9474-1A3956D46DE8}") = "3rdParty", "3rdParty", "{E36DADD0-5287-48C1-898A-1D21E6F70510}"
EndProject
Project("{FAE04EC0-301F-11D3-BF4B-00C04F79EFBC}") = "OrbitPro", "..\..\3rdParty\OrbitToolsPro\csOrbitTools\OrbitTools\OrbitPro\OrbitPro.csproj", "{D6C232FB-83FD-4049-B4E7-EB197B450D49}"
EndProject
Project("{FAE04EC0-301F-11D3-BF4B-00C04F79EFBC}") = "Track", "..\..\3rdParty\OrbitToolsPro\csOrbitTools\OrbitTools\Track\Track.csproj", "{03D07458-B802-472A-9F04-899BB7CFBCA9}"
EndProject
Project("{2150E333-8FDC-42A3-9474-1A3956D46DE8}") = "Solution Items", "Solution Items", "{38564349-75CA-4BEA-9BCF-E698F0E007B4}"
EndProject
Project("{2150E333-8FDC-42A3-9474-1A3956D46DE8}") = "ParallelExtensions", "ParallelExtensions", "{87642E84-7888-4631-AAB9-C644092C8E77}"
EndProject
Project("{FAE04EC0-301F-11D3-BF4B-00C04F79EFBC}") = "ParallelExtensionsExtras", "..\..\3rdParty\Microsoft\ParallelExtensionsExtras\ParallelExtensionsExtras.csproj", "{C45218F8-09E7-4F57-85BC-5D8D2AC736A3}"
EndProject
Global
	GlobalSection(SolutionConfigurationPlatforms) = preSolution
		CD_ROM|Any CPU = CD_ROM|Any CPU
		Debug|Any CPU = Debug|Any CPU
		DVD-5|Any CPU = DVD-5|Any CPU
		Release|Any CPU = Release|Any CPU
		SingleImage|Any CPU = SingleImage|Any CPU
	EndGlobalSection
	GlobalSection(ProjectConfigurationPlatforms) = postSolution
		{8E48FDD5-F1AA-4B59-84E5-D866469A0D38}.CD_ROM|Any CPU.ActiveCfg = Release|Any CPU
		{8E48FDD5-F1AA-4B59-84E5-D866469A0D38}.CD_ROM|Any CPU.Build.0 = Release|Any CPU
		{8E48FDD5-F1AA-4B59-84E5-D866469A0D38}.Debug|Any CPU.ActiveCfg = Debug|Any CPU
		{8E48FDD5-F1AA-4B59-84E5-D866469A0D38}.Debug|Any CPU.Build.0 = Debug|Any CPU
		{8E48FDD5-F1AA-4B59-84E5-D866469A0D38}.DVD-5|Any CPU.ActiveCfg = Debug|Any CPU
		{8E48FDD5-F1AA-4B59-84E5-D866469A0D38}.DVD-5|Any CPU.Build.0 = Debug|Any CPU
		{8E48FDD5-F1AA-4B59-84E5-D866469A0D38}.Release|Any CPU.ActiveCfg = Release|Any CPU
		{8E48FDD5-F1AA-4B59-84E5-D866469A0D38}.Release|Any CPU.Build.0 = Release|Any CPU
		{8E48FDD5-F1AA-4B59-84E5-D866469A0D38}.SingleImage|Any CPU.ActiveCfg = Release|Any CPU
		{8E48FDD5-F1AA-4B59-84E5-D866469A0D38}.SingleImage|Any CPU.Build.0 = Release|Any CPU
		{99510ED5-99E0-405D-BCAC-9159A7426D61}.CD_ROM|Any CPU.ActiveCfg = Release|Any CPU
		{99510ED5-99E0-405D-BCAC-9159A7426D61}.CD_ROM|Any CPU.Build.0 = Release|Any CPU
		{99510ED5-99E0-405D-BCAC-9159A7426D61}.Debug|Any CPU.ActiveCfg = Debug|Any CPU
		{99510ED5-99E0-405D-BCAC-9159A7426D61}.Debug|Any CPU.Build.0 = Debug|Any CPU
		{99510ED5-99E0-405D-BCAC-9159A7426D61}.DVD-5|Any CPU.ActiveCfg = Debug|Any CPU
		{99510ED5-99E0-405D-BCAC-9159A7426D61}.DVD-5|Any CPU.Build.0 = Debug|Any CPU
		{99510ED5-99E0-405D-BCAC-9159A7426D61}.Release|Any CPU.ActiveCfg = Release|Any CPU
		{99510ED5-99E0-405D-BCAC-9159A7426D61}.Release|Any CPU.Build.0 = Release|Any CPU
		{99510ED5-99E0-405D-BCAC-9159A7426D61}.SingleImage|Any CPU.ActiveCfg = Release|Any CPU
		{99510ED5-99E0-405D-BCAC-9159A7426D61}.SingleImage|Any CPU.Build.0 = Release|Any CPU
		{D6C232FB-83FD-4049-B4E7-EB197B450D49}.CD_ROM|Any CPU.ActiveCfg = Release|Any CPU
		{D6C232FB-83FD-4049-B4E7-EB197B450D49}.CD_ROM|Any CPU.Build.0 = Release|Any CPU
		{D6C232FB-83FD-4049-B4E7-EB197B450D49}.Debug|Any CPU.ActiveCfg = Debug|Any CPU
		{D6C232FB-83FD-4049-B4E7-EB197B450D49}.Debug|Any CPU.Build.0 = Debug|Any CPU
		{D6C232FB-83FD-4049-B4E7-EB197B450D49}.DVD-5|Any CPU.ActiveCfg = Debug|Any CPU
		{D6C232FB-83FD-4049-B4E7-EB197B450D49}.DVD-5|Any CPU.Build.0 = Debug|Any CPU
		{D6C232FB-83FD-4049-B4E7-EB197B450D49}.Release|Any CPU.ActiveCfg = Release|Any CPU
		{D6C232FB-83FD-4049-B4E7-EB197B450D49}.Release|Any CPU.Build.0 = Release|Any CPU
		{D6C232FB-83FD-4049-B4E7-EB197B450D49}.SingleImage|Any CPU.ActiveCfg = Release|Any CPU
		{D6C232FB-83FD-4049-B4E7-EB197B450D49}.SingleImage|Any CPU.Build.0 = Release|Any CPU
		{03D07458-B802-472A-9F04-899BB7CFBCA9}.CD_ROM|Any CPU.ActiveCfg = Release|Any CPU
		{03D07458-B802-472A-9F04-899BB7CFBCA9}.CD_ROM|Any CPU.Build.0 = Release|Any CPU
		{03D07458-B802-472A-9F04-899BB7CFBCA9}.Debug|Any CPU.ActiveCfg = Debug|Any CPU
		{03D07458-B802-472A-9F04-899BB7CFBCA9}.Debug|Any CPU.Build.0 = Debug|Any CPU
		{03D07458-B802-472A-9F04-899BB7CFBCA9}.DVD-5|Any CPU.ActiveCfg = Debug|Any CPU
		{03D07458-B802-472A-9F04-899BB7CFBCA9}.DVD-5|Any CPU.Build.0 = Debug|Any CPU
		{03D07458-B802-472A-9F04-899BB7CFBCA9}.Release|Any CPU.ActiveCfg = Release|Any CPU
		{03D07458-B802-472A-9F04-899BB7CFBCA9}.Release|Any CPU.Build.0 = Release|Any CPU
		{03D07458-B802-472A-9F04-899BB7CFBCA9}.SingleImage|Any CPU.ActiveCfg = Release|Any CPU
		{03D07458-B802-472A-9F04-899BB7CFBCA9}.SingleImage|Any CPU.Build.0 = Release|Any CPU
		{C45218F8-09E7-4F57-85BC-5D8D2AC736A3}.CD_ROM|Any CPU.ActiveCfg = Release|Any CPU
		{C45218F8-09E7-4F57-85BC-5D8D2AC736A3}.CD_ROM|Any CPU.Build.0 = Release|Any CPU
		{C45218F8-09E7-4F57-85BC-5D8D2AC736A3}.Debug|Any CPU.ActiveCfg = Debug|Any CPU
		{C45218F8-09E7-4F57-85BC-5D8D2AC736A3}.Debug|Any CPU.Build.0 = Debug|Any CPU
		{C45218F8-09E7-4F57-85BC-5D8D2AC736A3}.DVD-5|Any CPU.ActiveCfg = Debug|Any CPU
		{C45218F8-09E7-4F57-85BC-5D8D2AC736A3}.DVD-5|Any CPU.Build.0 = Debug|Any CPU
		{C45218F8-09E7-4F57-85BC-5D8D2AC736A3}.Release|Any CPU.ActiveCfg = Release|Any CPU
		{C45218F8-09E7-4F57-85BC-5D8D2AC736A3}.Release|Any CPU.Build.0 = Release|Any CPU
		{C45218F8-09E7-4F57-85BC-5D8D2AC736A3}.SingleImage|Any CPU.ActiveCfg = Release|Any CPU
		{C45218F8-09E7-4F57-85BC-5D8D2AC736A3}.SingleImage|Any CPU.Build.0 = Release|Any CPU
	EndGlobalSection
	GlobalSection(SolutionProperties) = preSolution
		HideSolutionNode = FALSE
	EndGlobalSection
	GlobalSection(NestedProjects) = preSolution
		{0240DB81-8D89-4F51-98D4-269CBCE0A3E4} = {E36DADD0-5287-48C1-898A-1D21E6F70510}
		{99510ED5-99E0-405D-BCAC-9159A7426D61} = {0240DB81-8D89-4F51-98D4-269CBCE0A3E4}
		{D6C232FB-83FD-4049-B4E7-EB197B450D49} = {0240DB81-8D89-4F51-98D4-269CBCE0A3E4}
		{03D07458-B802-472A-9F04-899BB7CFBCA9} = {0240DB81-8D89-4F51-98D4-269CBCE0A3E4}
		{87642E84-7888-4631-AAB9-C644092C8E77} = {E36DADD0-5287-48C1-898A-1D21E6F70510}
		{C45218F8-09E7-4F57-85BC-5D8D2AC736A3} = {87642E84-7888-4631-AAB9-C644092C8E77}
	EndGlobalSection
	GlobalSection(ExtensibilityGlobals) = postSolution
		SolutionGuid = {3357FB0A-5995-46C9-B0B0-D66A79FEBA32}
	EndGlobalSection
EndGlobal
